github.com/foxboron/go-uefi v0.0.0-20250618205220-3915337a7825 h1:xK8B8saiv8ds6cJuruqlxxFPkuXl2WhyUELENaj62Uc=
github.com/foxboron/go-uefi v0.0.0-20250618205220-3915337a7825/go.mod h1:q85c4IRlhhwdRJgGIUWrisDjU8dgcMj8dnXZCXo3hus=
golang.org/x/crypto v0.31.0 h1:ihbySMvVjLAeSH1IbfcRTkD/iNscyz8rGzjF/E5hV6U=
golang.org/x/crypto v0.31.0/go.mod h1:kDsLvtWBEx7MV9tJOj9bnXsPbxwJQ6csT/x4KIN4Ssk=
